
Microsoft Visual Studio Solution File, Format Version 12.00
Project("{FAE04EC0-301F-11D3-BF4B-00C04F79EFBC}") = "flashy_things", "flashy_things\flashy_things.csproj", "{DD7A1DAB-556B-4770-8DBE-F92D575CA89F}"
EndProject
Project("{FAE04EC0-301F-11D3-BF4B-00C04F79EFBC}") = "flashy_things.IntegrationTests", "flashy_things.IntegrationTests\flashy_things.IntegrationTests.csproj", "{162807C3-22F6-4A01-8DBB-302092A13978}"
EndProject
Project("{FAE04EC0-301F-11D3-BF4B-00C04F79EFBC}") = "flashy_things.UnitTests", "flashy_things.UnitTests\flashy_things.UnitTests.csproj", "{FA2377A3-C2DC-431B-B1FE-0984112B814B}"
EndProject
Global
	GlobalSection(SolutionConfigurationPlatforms) = preSolution
		Debug|Any CPU = Debug|Any CPU
		Release|Any CPU = Release|Any CPU
	EndGlobalSection
	GlobalSection(ProjectConfigurationPlatforms) = postSolution
		{DD7A1DAB-556B-4770-8DBE-F92D575CA89F}.Debug|Any CPU.ActiveCfg = Debug|Any CPU
		{DD7A1DAB-556B-4770-8DBE-F92D575CA89F}.Debug|Any CPU.Build.0 = Debug|Any CPU
		{DD7A1DAB-556B-4770-8DBE-F92D575CA89F}.Release|Any CPU.ActiveCfg = Release|Any CPU
		{DD7A1DAB-556B-4770-8DBE-F92D575CA89F}.Release|Any CPU.Build.0 = Release|Any CPU
		{162807C3-22F6-4A01-8DBB-302092A13978}.Debug|Any CPU.ActiveCfg = Debug|Any CPU
		{162807C3-22F6-4A01-8DBB-302092A13978}.Debug|Any CPU.Build.0 = Debug|Any CPU
		{162807C3-22F6-4A01-8DBB-302092A13978}.Release|Any CPU.ActiveCfg = Release|Any CPU
		{162807C3-22F6-4A01-8DBB-302092A13978}.Release|Any CPU.Build.0 = Release|Any CPU
		{FA2377A3-C2DC-431B-B1FE-0984112B814B}.Debug|Any CPU.ActiveCfg = Debug|Any CPU
		{FA2377A3-C2DC-431B-B1FE-0984112B814B}.Debug|Any CPU.Build.0 = Debug|Any CPU
		{FA2377A3-C2DC-431B-B1FE-0984112B814B}.Release|Any CPU.ActiveCfg = Release|Any CPU
		{FA2377A3-C2DC-431B-B1FE-0984112B814B}.Release|Any CPU.Build.0 = Release|Any CPU
	EndGlobalSection
EndGlobal
